
Microsoft Visual Studio Solution File, Format Version 12.00
# Visual Studio Version 17
VisualStudioVersion = 17.14.36301.6 d17.14
MinimumVisualStudioVersion = 10.0.40219.1
Project("{FAE04EC0-301F-11D3-BF4B-00C04F79EFBC}") = "Tracking-Folder-Tool", "Tracking-Folder-Tool\Tracking-Folder-Tool.csproj", "{6AF880A8-9968-4881-8609-BE3EEA802F66}"
EndProject
Global
	GlobalSection(SolutionConfigurationPlatforms) = preSolution
		Debug|Any CPU = Debug|Any CPU
		Release|Any CPU = Release|Any CPU
	EndGlobalSection
	GlobalSection(ProjectConfigurationPlatforms) = postSolution
		{6AF880A8-9968-4881-8609-BE3EEA802F66}.Debug|Any CPU.ActiveCfg = Debug|Any CPU
		{6AF880A8-9968-4881-8609-BE3EEA802F66}.Debug|Any CPU.Build.0 = Debug|Any CPU
		{6AF880A8-9968-4881-8609-BE3EEA802F66}.Release|Any CPU.ActiveCfg = Release|Any CPU
		{6AF880A8-9968-4881-8609-BE3EEA802F66}.Release|Any CPU.Build.0 = Release|Any CPU
	EndGlobalSection
	GlobalSection(SolutionProperties) = preSolution
		HideSolutionNode = FALSE
	EndGlobalSection
	GlobalSection(ExtensibilityGlobals) = postSolution
		SolutionGuid = {12BD6B46-56C4-4BE8-9C32-00B81F070D99}
	EndGlobalSection
EndGlobal
